
Microsoft Visual Studio Solution File, Format Version 12.00
# Visual Studio Version 16
VisualStudioVersion = 16.0.30002.166
MinimumVisualStudioVersion = 10.0.40219.1
Project("{FAE04EC0-301F-11D3-BF4B-00C04F79EFBC}") = "PrettyDate.Net", "PrettyDate.Net\PrettyDate.Net.csproj", "{62323AD1-EA35-4801-ADB3-70C77085FE61}"
EndProject
Project("{FAE04EC0-301F-11D3-BF4B-00C04F79EFBC}") = "PrettyDate.Demo", "PrettyDate.Demo\PrettyDate.Demo.csproj", "{4B69FEE6-236A-4B5A-8080-36DC10E8A5F3}"
EndProject
Global
	GlobalSection(SolutionConfigurationPlatforms) = preSolution
		Debug|Any CPU = Debug|Any CPU
		Release|Any CPU = Release|Any CPU
	EndGlobalSection
	GlobalSection(ProjectConfigurationPlatforms) = postSolution
		{62323AD1-EA35-4801-ADB3-70C77085FE61}.Debug|Any CPU.ActiveCfg = Debug|Any CPU
		{62323AD1-EA35-4801-ADB3-70C77085FE61}.Debug|Any CPU.Build.0 = Debug|Any CPU
		{62323AD1-EA35-4801-ADB3-70C77085FE61}.Release|Any CPU.ActiveCfg = Release|Any CPU
		{62323AD1-EA35-4801-ADB3-70C77085FE61}.Release|Any CPU.Build.0 = Release|Any CPU
		{4B69FEE6-236A-4B5A-8080-36DC10E8A5F3}.Debug|Any CPU.ActiveCfg = Debug|Any CPU
		{4B69FEE6-236A-4B5A-8080-36DC10E8A5F3}.Debug|Any CPU.Build.0 = Debug|Any CPU
		{4B69FEE6-236A-4B5A-8080-36DC10E8A5F3}.Release|Any CPU.ActiveCfg = Release|Any CPU
		{4B69FEE6-236A-4B5A-8080-36DC10E8A5F3}.Release|Any CPU.Build.0 = Release|Any CPU
	EndGlobalSection
	GlobalSection(SolutionProperties) = preSolution
		HideSolutionNode = FALSE
	EndGlobalSection
	GlobalSection(ExtensibilityGlobals) = postSolution
		SolutionGuid = {F7D9AF4E-B449-4015-B50A-6E697C0438B2}
	EndGlobalSection
EndGlobal
